hash: 7c7b12ee79ddd0e94d9ce57c3d718f7ec5d346864ca5d80eda4519cb0b5577fd
updated: 2018-06-21T14:31:24.442957238+07:00
imports:
- name: github.com/abbot/go-http-auth
  version: b6a92f468f2b01961e796d20e3ec5bbb8a8297d6
- name: github.com/dgrijalva/jwt-go
  version: 2268707a8f0843315e2004ee4f1d021dc08baedf
- name: github.com/facebookgo/stack
  version: 751773369052141c013c6e827a71e8f35c07879c
- name: github.com/franela/goreq
  version: fc08df6ca2d4a0d1a5ae24739aa268863943e723
- name: github.com/Gurpartap/logrus-stack
  version: 605e22a2c2d8c8ef6a75b306a8748c0aad124cc6
- name: github.com/hashicorp/consul
  version: 2c7715154d8d4568524b76d2d4deb7ca6fd1b285
  subpackages:
  - api
- name: github.com/Jeffail/gabs
  version: 9cef256b595a9e616eb6aec1da446529b7705613
- name: github.com/jinzhu/gorm
  version: 9044197ef935c0969d94cbcfba55ccb94d269bed
- name: github.com/joho/godotenv
  version: 726cc8b906e3d31c70a9671c90a13716a8d3f50d
- name: github.com/labstack/echo
  version: 948d607539e92f3974d8f24951c8975d7342e24a
  subpackages:
  - middleware
- name: github.com/labstack/gommon
  version: 9cedb429ffbe71a32a3ae7c65fd109cb7ae07804
  subpackages:
  - bytes
  - color
  - log
  - random
- name: github.com/mattn/go-colorable
  version: acb9493f2794fd0f820de7a27a217dafbb1b65ea
- name: github.com/mattn/go-isatty
  version: fc9e8d8ef48496124e79ae0df75490096eccf6fe
- name: github.com/parnurzeal/gorequest
  version: 8e3aed27fe49f7fdc765dad067845f600fc984e8
- name: github.com/phayes/freeport
  version: e27662a4a9d6b2083dfd7e7b5d0e30985daca925
- name: github.com/sirupsen/logrus
  version: abee6f9b0679f8044f5fca552eb6a9691a55d4ac
- name: github.com/valyala/bytebufferpool
  version: e746df99fe4a3986f4d4f79e13c1e0117ce9c2f7
- name: github.com/valyala/fasttemplate
  version: dcecefd839c4193db0d35b88ec65b4c12d360ab0
- name: golang.org/x/crypto
  version: 49796115aa4b964c318aad4f3084fdb41e9aa067
  subpackages:
  - acme
  - acme/autocert
- name: golang.org/x/sys
  version: 95c6576299259db960f6c5b9b69ea52422860fce
  subpackages:
  - unix
  - windows
testImports:
- name: github.com/stretchr/testify
  version: c679ae2cc0cb27ec3293fea7e254e47386f05d69
  subpackages:
  - assert
